{
  "name": "account-management",
  "version": "1.0.0",
  "dependencies": {
    "angular2": {
      "version": "2.0.0-beta.15",
      "from": "angular2@2.0.0-beta.15",
      "resolved": "https://registry.npmjs.org/angular2/-/angular2-2.0.0-beta.15.tgz"
    },
    "bootstrap": {
      "version": "3.3.6",
      "from": "bootstrap@^3.3.6",
      "resolved": "https://registry.npmjs.org/bootstrap/-/bootstrap-3.3.6.tgz"
    },
    "connect": {
      "version": "3.4.1",
      "from": "connect@",
      "resolved": "https://registry.npmjs.org/connect/-/connect-3.4.1.tgz",
      "dependencies": {
        "debug": {
          "version": "2.2.0",
          "from": "debug@~2.2.0",
          "resolved": "https://registry.npmjs.org/debug/-/debug-2.2.0.tgz",
          "dependencies": {
            "ms": {
              "version": "0.7.1",
              "from": "ms@0.7.1",
              "resolved": "http://registry.npmjs.org/ms/-/ms-0.7.1.tgz"
            }
          }
        },
        "finalhandler": {
          "version": "0.4.1",
          "from": "finalhandler@0.4.1",
          "resolved": "https://registry.npmjs.org/finalhandler/-/finalhandler-0.4.1.tgz",
          "dependencies": {
            "escape-html": {
              "version": "1.0.3",
              "from": "escape-html@~1.0.3",
              "resolved": "https://registry.npmjs.org/escape-html/-/escape-html-1.0.3.tgz"
            },
            "on-finished": {
              "version": "2.3.0",
              "from": "on-finished@~2.3.0",
              "resolved": "https://registry.npmjs.org/on-finished/-/on-finished-2.3.0.tgz",
              "dependencies": {
                "ee-first": {
                  "version": "1.1.1",
                  "from": "ee-first@1.1.1",
                  "resolved": "https://registry.npmjs.org/ee-first/-/ee-first-1.1.1.tgz"
                }
              }
            },
            "unpipe": {
              "version": "1.0.0",
              "from": "unpipe@~1.0.0",
              "resolved": "https://registry.npmjs.org/unpipe/-/unpipe-1.0.0.tgz"
            }
          }
        },
        "parseurl": {
          "version": "1.3.1",
          "from": "parseurl@~1.3.1",
          "resolved": "https://registry.npmjs.org/parseurl/-/parseurl-1.3.1.tgz"
        },
        "utils-merge": {
          "version": "1.0.0",
          "from": "utils-merge@1.0.0",
          "resolved": "https://registry.npmjs.org/utils-merge/-/utils-merge-1.0.0.tgz"
        }
      }
    },
    "es6-shim": {
      "version": "0.35.0",
      "from": "es6-shim@^0.35.0",
      "resolved": "https://registry.npmjs.org/es6-shim/-/es6-shim-0.35.0.tgz"
    },
    "reflect-metadata": {
      "version": "0.1.2",
      "from": "reflect-metadata@0.1.2",
      "resolved": "https://registry.npmjs.org/reflect-metadata/-/reflect-metadata-0.1.2.tgz"
    },
    "rxjs": {
      "version": "5.0.0-beta.2",
      "from": "rxjs@5.0.0-beta.2",
      "resolved": "https://registry.npmjs.org/rxjs/-/rxjs-5.0.0-beta.2.tgz"
    },
    "serve-static": {
      "version": "1.10.2",
      "from": "serve-static@",
      "resolved": "https://registry.npmjs.org/serve-static/-/serve-static-1.10.2.tgz",
      "dependencies": {
        "escape-html": {
          "version": "1.0.3",
          "from": "escape-html@~1.0.3",
          "resolved": "https://registry.npmjs.org/escape-html/-/escape-html-1.0.3.tgz"
        },
        "parseurl": {
          "version": "1.3.1",
          "from": "parseurl@~1.3.1",
          "resolved": "https://registry.npmjs.org/parseurl/-/parseurl-1.3.1.tgz"
        },
        "send": {
          "version": "0.13.1",
          "from": "send@0.13.1",
          "resolved": "https://registry.npmjs.org/send/-/send-0.13.1.tgz",
          "dependencies": {
            "debug": {
              "version": "2.2.0",
              "from": "debug@~2.2.0",
              "resolved": "https://registry.npmjs.org/debug/-/debug-2.2.0.tgz"
            },
            "depd": {
              "version": "1.1.0",
              "from": "depd@~1.1.0",
              "resolved": "https://registry.npmjs.org/depd/-/depd-1.1.0.tgz"
            },
            "destroy": {
              "version": "1.0.4",
              "from": "destroy@~1.0.4",
              "resolved": "https://registry.npmjs.org/destroy/-/destroy-1.0.4.tgz"
            },
            "etag": {
              "version": "1.7.0",
              "from": "etag@~1.7.0",
              "resolved": "https://registry.npmjs.org/etag/-/etag-1.7.0.tgz"
            },
            "fresh": {
              "version": "0.3.0",
              "from": "fresh@0.3.0",
              "resolved": "http://registry.npmjs.org/fresh/-/fresh-0.3.0.tgz"
            },
            "http-errors": {
              "version": "1.3.1",
              "from": "http-errors@~1.3.1",
              "resolved": "https://registry.npmjs.org/http-errors/-/http-errors-1.3.1.tgz",
              "dependencies": {
                "inherits": {
                  "version": "2.0.1",
                  "from": "inherits@~2.0.1",
                  "resolved": "https://registry.npmjs.org/inherits/-/inherits-2.0.1.tgz"
                }
              }
            },
            "mime": {
              "version": "1.3.4",
              "from": "mime@1.3.4",
              "resolved": "https://registry.npmjs.org/mime/-/mime-1.3.4.tgz"
            },
            "ms": {
              "version": "0.7.1",
              "from": "ms@0.7.1",
              "resolved": "http://registry.npmjs.org/ms/-/ms-0.7.1.tgz"
            },
            "on-finished": {
              "version": "2.3.0",
              "from": "on-finished@~2.3.0",
              "resolved": "https://registry.npmjs.org/on-finished/-/on-finished-2.3.0.tgz",
              "dependencies": {
                "ee-first": {
                  "version": "1.1.1",
                  "from": "ee-first@1.1.1",
                  "resolved": "https://registry.npmjs.org/ee-first/-/ee-first-1.1.1.tgz"
                }
              }
            },
            "range-parser": {
              "version": "1.0.3",
              "from": "range-parser@~1.0.3",
              "resolved": "https://registry.npmjs.org/range-parser/-/range-parser-1.0.3.tgz"
            },
            "statuses": {
              "version": "1.2.1",
              "from": "statuses@~1.2.1",
              "resolved": "https://registry.npmjs.org/statuses/-/statuses-1.2.1.tgz"
            }
          }
        }
      }
    },
    "systemjs": {
      "version": "0.19.26",
      "from": "systemjs@0.19.26",
      "resolved": "https://registry.npmjs.org/systemjs/-/systemjs-0.19.26.tgz",
      "dependencies": {
        "when": {
          "version": "3.7.7",
          "from": "when@^3.7.5",
          "resolved": "https://registry.npmjs.org/when/-/when-3.7.7.tgz"
        }
      }
    },
    "zone.js": {
      "version": "0.6.10",
      "from": "zone.js@0.6.10",
      "resolved": "https://registry.npmjs.org/zone.js/-/zone.js-0.6.10.tgz"
    }
  }
}
